
Microsoft Visual Studio Solution File, Format Version 12.00
# Visual Studio 15
VisualStudioVersion = 15.0.27130.2027
MinimumVisualStudioVersion = 10.0.40219.1
Project("{FAE04EC0-301F-11D3-BF4B-00C04F79EFBC}") = "ArraySubsetForSum", "ArraySubsetForSum\ArraySubsetForSum.csproj", "{98757B8A-C2B1-4F0C-93D1-4D37B3EF1C11}"
EndProject
Global
	GlobalSection(SolutionConfigurationPlatforms) = preSolution
		Debug|Any CPU = Debug|Any CPU
		Release|Any CPU = Release|Any CPU
	EndGlobalSection
	GlobalSection(ProjectConfigurationPlatforms) = postSolution
		{98757B8A-C2B1-4F0C-93D1-4D37B3EF1C11}.Debug|Any CPU.ActiveCfg = Debug|Any CPU
		{98757B8A-C2B1-4F0C-93D1-4D37B3EF1C11}.Debug|Any CPU.Build.0 = Debug|Any CPU
		{98757B8A-C2B1-4F0C-93D1-4D37B3EF1C11}.Release|Any CPU.ActiveCfg = Release|Any CPU
		{98757B8A-C2B1-4F0C-93D1-4D37B3EF1C11}.Release|Any CPU.Build.0 = Release|Any CPU
	EndGlobalSection
	GlobalSection(SolutionProperties) = preSolution
		HideSolutionNode = FALSE
	EndGlobalSection
	GlobalSection(ExtensibilityGlobals) = postSolution
		SolutionGuid = {DC8604F3-109F-467E-848E-3FE57AF65E8E}
	EndGlobalSection
EndGlobal
